
Microsoft Visual Studio Solution File, Format Version 12.00
# Visual Studio Version 16
VisualStudioVersion = 16.0.30204.135
MinimumVisualStudioVersion = 10.0.40219.1
Project("{8BC9CEB8-8B4A-11D0-8D11-00A0C91BC942}") = "FileWatcher", "FileWatcher\FileWatcher.vcxproj", "{9C5BD882-8EA3-4756-9E74-686902E6207B}"
EndProject
Global
	GlobalSection(SolutionConfigurationPlatforms) = preSolution
		Debug|x64 = Debug|x64
		Debug|x86 = Debug|x86
		Release|x64 = Release|x64
		Release|x86 = Release|x86
	EndGlobalSection
	GlobalSection(ProjectConfigurationPlatforms) = postSolution
		{9C5BD882-8EA3-4756-9E74-686902E6207B}.Debug|x64.ActiveCfg = Debug|x64
		{9C5BD882-8EA3-4756-9E74-686902E6207B}.Debug|x64.Build.0 = Debug|x64
		{9C5BD882-8EA3-4756-9E74-686902E6207B}.Debug|x86.ActiveCfg = Debug|Win32
		{9C5BD882-8EA3-4756-9E74-686902E6207B}.Debug|x86.Build.0 = Debug|Win32
		{9C5BD882-8EA3-4756-9E74-686902E6207B}.Release|x64.ActiveCfg = Release|x64
		{9C5BD882-8EA3-4756-9E74-686902E6207B}.Release|x64.Build.0 = Release|x64
		{9C5BD882-8EA3-4756-9E74-686902E6207B}.Release|x86.ActiveCfg = Release|Win32
		{9C5BD882-8EA3-4756-9E74-686902E6207B}.Release|x86.Build.0 = Release|Win32
	EndGlobalSection
	GlobalSection(SolutionProperties) = preSolution
		HideSolutionNode = FALSE
	EndGlobalSection
	GlobalSection(ExtensibilityGlobals) = postSolution
		SolutionGuid = {3F6C3BBB-9599-4B99-BF97-94E780CEC509}
	EndGlobalSection
EndGlobal
